%{
  "artificery": {:hex, :artificery, "0.4.1", "90b1fcedb9034853b36dbea2174f9fc1172bd50b0686a723178103def5c9c1c8", [:mix], [], "hexpm"},
  "atecc508a": {:hex, :atecc508a, "0.2.0", "ebf734dc57fcfe9b0cade69a92564608bf815c9e030b18319d0965138261bbba", [:mix], [{:circuits_i2c, "~> 0.2", [hex: :circuits_i2c, repo: "hexpm", optional: false]}, {:x509, "~> 0.5.1 or ~> 0.6", [hex: :x509, repo: "hexpm", optional: false]}], "hexpm"},
  "circuits_gpio": {:hex, :circuits_gpio, "0.4.0", "f1ce5a50921b13f23847c47589b51bdd93afe372fabfb9a58497cad515a5cc98", [:make, :mix], [{:elixir_make, "~> 0.5", [hex: :elixir_make, repo: "hexpm", optional: false]}], "hexpm"},
  "circuits_i2c": {:hex, :circuits_i2c, "0.3.2", "0725056dc8d8931aca3065c67ecceeca3506b34e5195d1a40b42c60e6b1186ba", [:make, :mix], [{:elixir_make, "~> 0.5", [hex: :elixir_make, repo: "hexpm", optional: false]}], "hexpm"},
  "distillery": {:hex, :distillery, "2.0.12", "6e78fe042df82610ac3fa50bd7d2d8190ad287d120d3cd1682d83a44e8b34dfb", [:mix], [{:artificery, "~> 0.2", [hex: :artificery, repo: "hexpm", optional: false]}], "hexpm"},
  "dns": {:hex, :dns, "2.1.2", "81c46d39f7934f0e73368355126e4266762cf227ba61d5889635d83b2d64a493", [:mix], [{:socket, "~> 0.3.13", [hex: :socket, repo: "hexpm", optional: false]}], "hexpm"},
  "elixir_make": {:hex, :elixir_make, "0.5.2", "96a28c79f5b8d34879cd95ebc04d2a0d678cfbbd3e74c43cb63a76adf0ee8054", [:mix], [], "hexpm"},
  "mdns": {:hex, :mdns, "1.0.2", "c8228dd44d3fdd55e9842cb7111c9145f2eeaa8b7adac75012ee0e250962215e", [:mix], [{:dns, "~> 2.0", [hex: :dns, repo: "hexpm", optional: false]}], "hexpm"},
  "muontrap": {:hex, :muontrap, "0.4.1", "4d12af9d1a8f45037cf6d602b614bdc1e1781d110b0fef5df4c3a0aaec76dfae", [:make, :mix], [{:elixir_make, "~> 0.5", [hex: :elixir_make, repo: "hexpm", optional: false]}], "hexpm"},
  "nerves": {:hex, :nerves, "1.4.0", "6709e21ddd4cff9ac126e49f2278452a31d602f1fe3604dae30649bc0869d737", [:mix], [{:distillery, "2.0.12", [hex: :distillery, repo: "hexpm", optional: false]}, {:jason, "~> 1.0", [hex: :jason, repo: "hexpm", optional: true]}], "hexpm"},
  "nerves_firmware_ssh": {:hex, :nerves_firmware_ssh, "0.4.1", "bbce1b5d70e9e450c165c55317f30c220d0b5995ca7d029dca53be5603040b3b", [:mix], [{:nerves_runtime, "~> 0.4", [hex: :nerves_runtime, repo: "hexpm", optional: false]}], "hexpm"},
  "nerves_init_gadget": {:hex, :nerves_init_gadget, "0.6.0", "64eb8877b438678aed6d421737326a8cac3810b425e00abd5c7a3a0e95054988", [:mix], [{:mdns, "~> 1.0", [hex: :mdns, repo: "hexpm", optional: false]}, {:nerves_firmware_ssh, "~> 0.2", [hex: :nerves_firmware_ssh, repo: "hexpm", optional: false]}, {:nerves_network, "~> 0.3", [hex: :nerves_network, repo: "hexpm", optional: false]}, {:nerves_runtime, "~> 0.3", [hex: :nerves_runtime, repo: "hexpm", optional: false]}, {:one_dhcpd, "~> 0.1", [hex: :one_dhcpd, repo: "hexpm", optional: false]}, {:ring_logger, "~> 0.4", [hex: :ring_logger, repo: "hexpm", optional: false]}], "hexpm"},
  "nerves_key": {:hex, :nerves_key, "0.5.0", "51d7d71d759ab6cb9e5bcccaad320d1a54aa568e9073ad08f50c327de382d06f", [:mix], [{:atecc508a, "~> 0.2", [hex: :atecc508a, repo: "hexpm", optional: false]}], "hexpm"},
  "nerves_network": {:hex, :nerves_network, "0.5.5", "4690c362707f76c4072810bd9639b2ae8eb7dd9c21119656308b462a087230aa", [:make, :mix], [{:elixir_make, "~> 0.5", [hex: :elixir_make, repo: "hexpm", optional: false]}, {:nerves_network_interface, "~> 0.4.4", [hex: :nerves_network_interface, repo: "hexpm", optional: false]}, {:nerves_wpa_supplicant, "~> 0.5", [hex: :nerves_wpa_supplicant, repo: "hexpm", optional: false]}, {:one_dhcpd, "~> 0.2.0", [hex: :one_dhcpd, repo: "hexpm", optional: false]}, {:system_registry, "~> 0.7", [hex: :system_registry, repo: "hexpm", optional: false]}], "hexpm"},
  "nerves_network_interface": {:hex, :nerves_network_interface, "0.4.6", "d50e57daca8154f0f780fd98eb5ae94a005579e0d72d69840e80e228375d88ad", [:make, :mix], [{:elixir_make, "~> 0.5", [hex: :elixir_make, repo: "hexpm", optional: false]}], "hexpm"},
  "nerves_runtime": {:hex, :nerves_runtime, "0.9.3", "b1e98ead692c256fb88f5e385efceae189b2827c39e9b1fdd92c42b723ad736c", [:make, :mix], [{:elixir_make, "~> 0.5", [hex: :elixir_make, repo: "hexpm", optional: false]}, {:system_registry, "~> 0.5", [hex: :system_registry, repo: "hexpm", optional: false]}, {:uboot_env, "~> 0.1", [hex: :uboot_env, repo: "hexpm", optional: false]}], "hexpm"},
  "nerves_system_bbb": {:hex, :nerves_system_bbb, "2.1.1", "8d62ba953d8f70bb0125df6c5ab4dc78c1fea8c3af0b2bbef5ff7fcc81a7d69b", [:mix], [{:nerves, "~> 1.3", [hex: :nerves, repo: "hexpm", optional: false]}, {:nerves_system_br, "1.6.5", [hex: :nerves_system_br, repo: "hexpm", optional: false]}, {:nerves_system_linter, "~> 0.3.0", [hex: :nerves_system_linter, repo: "hexpm", optional: false]}, {:nerves_toolchain_arm_unknown_linux_gnueabihf, "1.1.0", [hex: :nerves_toolchain_arm_unknown_linux_gnueabihf, repo: "hexpm", optional: false]}], "hexpm"},
  "nerves_system_br": {:hex, :nerves_system_br, "1.6.8", "cd8993547c23056712b3244257da638e843ab9274da00ca440e350a083f8ea32", [:mix], [], "hexpm"},
  "nerves_system_linter": {:hex, :nerves_system_linter, "0.3.0", "84e0f63c8ac196b16b77608bbe7df66dcf352845c4e4fb394bffd2b572025413", [:mix], [], "hexpm"},
  "nerves_system_rpi": {:hex, :nerves_system_rpi, "1.6.1", "808be323321763fc93df0f585d513703ed94ebb1f4f124c4b248526b502c5dcb", [:mix], [{:nerves, "~> 1.3", [hex: :nerves, repo: "hexpm", optional: false]}, {:nerves_system_br, "1.6.5", [hex: :nerves_system_br, repo: "hexpm", optional: false]}, {:nerves_system_linter, "~> 0.3.0", [hex: :nerves_system_linter, repo: "hexpm", optional: false]}, {:nerves_toolchain_armv6_rpi_linux_gnueabi, "1.1.0", [hex: :nerves_toolchain_armv6_rpi_linux_gnueabi, repo: "hexpm", optional: false]}], "hexpm"},
  "nerves_system_rpi0": {:hex, :nerves_system_rpi0, "1.6.3", "bae57b81f42db8de4e844b4d929df850b4063ae472b237abe419153a41e44a2d", [:mix], [{:nerves, "~> 1.3", [hex: :nerves, repo: "hexpm", optional: false]}, {:nerves_system_br, "1.6.8", [hex: :nerves_system_br, repo: "hexpm", optional: false]}, {:nerves_system_linter, "~> 0.3.0", [hex: :nerves_system_linter, repo: "hexpm", optional: false]}, {:nerves_toolchain_armv6_rpi_linux_gnueabi, "1.1.0", [hex: :nerves_toolchain_armv6_rpi_linux_gnueabi, repo: "hexpm", optional: false]}], "hexpm"},
  "nerves_system_rpi2": {:hex, :nerves_system_rpi2, "1.6.1", "5125fc1d1212994c44c05fddea8e5d3200d2b604214bc7a64c5b6bc2bfd2673c", [:mix], [{:nerves, "~> 1.3", [hex: :nerves, repo: "hexpm", optional: false]}, {:nerves_system_br, "1.6.5", [hex: :nerves_system_br, repo: "hexpm", optional: false]}, {:nerves_system_linter, "~> 0.3.0", [hex: :nerves_system_linter, repo: "hexpm", optional: false]}, {:nerves_toolchain_arm_unknown_linux_gnueabihf, "1.1.0", [hex: :nerves_toolchain_arm_unknown_linux_gnueabihf, repo: "hexpm", optional: false]}], "hexpm"},
  "nerves_system_rpi3": {:hex, :nerves_system_rpi3, "1.6.1", "4fb7c473cc19c53d08e9a1ed8dcdc974556acab93648ec0d9ab19c8f6c48271d", [:mix], [{:nerves, "~> 1.3", [hex: :nerves, repo: "hexpm", optional: false]}, {:nerves_system_br, "1.6.5", [hex: :nerves_system_br, repo: "hexpm", optional: false]}, {:nerves_system_linter, "~> 0.3.0", [hex: :nerves_system_linter, repo: "hexpm", optional: false]}, {:nerves_toolchain_arm_unknown_linux_gnueabihf, "1.1.0", [hex: :nerves_toolchain_arm_unknown_linux_gnueabihf, repo: "hexpm", optional: false]}], "hexpm"},
  "nerves_system_rpi3a": {:hex, :nerves_system_rpi3a, "1.6.3", "6bab0f38381ddf39da48a91c0cc497fcc5eafaac657eea9484ce93b9ee2c8785", [:mix], [{:nerves, "~> 1.3", [hex: :nerves, repo: "hexpm", optional: false]}, {:nerves_system_br, "1.6.8", [hex: :nerves_system_br, repo: "hexpm", optional: false]}, {:nerves_system_linter, "~> 0.3.0", [hex: :nerves_system_linter, repo: "hexpm", optional: false]}, {:nerves_toolchain_arm_unknown_linux_gnueabihf, "1.1.0", [hex: :nerves_toolchain_arm_unknown_linux_gnueabihf, repo: "hexpm", optional: false]}], "hexpm"},
  "nerves_system_x86_64": {:hex, :nerves_system_x86_64, "1.6.1", "331be0fcddff3d50e71f2819130c97722d6094b1992ea55de13c07cf0aa29880", [:mix], [{:nerves, "~> 1.3", [hex: :nerves, repo: "hexpm", optional: false]}, {:nerves_system_br, "1.6.5", [hex: :nerves_system_br, repo: "hexpm", optional: false]}, {:nerves_system_linter, "~> 0.3.0", [hex: :nerves_system_linter, repo: "hexpm", optional: false]}, {:nerves_toolchain_x86_64_unknown_linux_musl, "1.1.0", [hex: :nerves_toolchain_x86_64_unknown_linux_musl, repo: "hexpm", optional: false]}], "hexpm"},
  "nerves_time": {:hex, :nerves_time, "0.2.1", "7472fdc643c4dd93b841c710b84aa83ac6ef6879b50b7568b2ed8c862db673aa", [:make, :mix], [{:elixir_make, "~> 0.5", [hex: :elixir_make, repo: "hexpm", optional: false]}, {:muontrap, "~> 0.4", [hex: :muontrap, repo: "hexpm", optional: false]}], "hexpm"},
  "nerves_toolchain_arm_unknown_linux_gnueabihf": {:hex, :nerves_toolchain_arm_unknown_linux_gnueabihf, "1.1.0", "ca466a656f8653346a8551a35743f7c41046f3d53e945723e970cb4a7811e617", [:mix], [{:nerves, "~> 1.0", [hex: :nerves, repo: "hexpm", optional: false]}, {:nerves_toolchain_ctng, "~> 1.5.0", [hex: :nerves_toolchain_ctng, repo: "hexpm", optional: false]}], "hexpm"},
  "nerves_toolchain_armv6_rpi_linux_gnueabi": {:hex, :nerves_toolchain_armv6_rpi_linux_gnueabi, "1.1.0", "2753102e667d9778047b351618f3dfdc016b81148df58d142fee7630d96a31fe", [:mix], [{:nerves, "~> 1.0", [hex: :nerves, repo: "hexpm", optional: false]}, {:nerves_toolchain_ctng, "~> 1.5.0", [hex: :nerves_toolchain_ctng, repo: "hexpm", optional: false]}], "hexpm"},
  "nerves_toolchain_ctng": {:hex, :nerves_toolchain_ctng, "1.5.0", "34b8f5664858ff6ce09730b26221441398acd1fa361b8c6d744d9ec18238c16b", [:mix], [{:nerves, "~> 1.0", [hex: :nerves, repo: "hexpm", optional: false]}], "hexpm"},
  "nerves_toolchain_x86_64_unknown_linux_musl": {:hex, :nerves_toolchain_x86_64_unknown_linux_musl, "1.1.0", "02b8cacdddb12d8dbac62324f893103cc0ca38fb4f7d6c1557d9236c93223219", [:mix], [{:nerves, "~> 1.0", [hex: :nerves, repo: "hexpm", optional: false]}, {:nerves_toolchain_ctng, "~> 1.5.0", [hex: :nerves_toolchain_ctng, repo: "hexpm", optional: false]}], "hexpm"},
  "nerves_wpa_supplicant": {:hex, :nerves_wpa_supplicant, "0.5.2", "4ec392fc08faf35f50d1070446c2e5019f6b85bd53f5716f904e3f75716d9596", [:make, :mix], [{:elixir_make, "~> 0.5", [hex: :elixir_make, repo: "hexpm", optional: false]}], "hexpm"},
  "one_dhcpd": {:hex, :one_dhcpd, "0.2.1", "421ff729bd90e245ff54f7ee2b09ca1f9c2d5983eb7723561c0d43df5673e553", [:make, :mix], [{:elixir_make, "~> 0.5", [hex: :elixir_make, repo: "hexpm", optional: false]}], "hexpm"},
  "ring_logger": {:hex, :ring_logger, "0.6.1", "568dbd9eebf26c661427de5204d8a91adaa740993f3ac5aa450257f62b6e7178", [:mix], [], "hexpm"},
  "rpi_fb_capture": {:hex, :rpi_fb_capture, "0.2.1", "23edff195b3cce53fde3b311bc1b86cac82046fb2ad77eae211dfcfa6684e5de", [:make, :mix], [{:elixir_make, "~> 0.5", [hex: :elixir_make, repo: "hexpm", optional: false]}], "hexpm"},
  "scenic": {:git, "https://github.com/boydm/scenic.git", "5b2d7d60b7d97b48240c9f14eca403e7d4445549", [branch: "master"]},
  "scenic_driver_gpio": {:hex, :scenic_driver_gpio, "0.2.0", "8d0b3618b448eab1b6742f785802a9401ddb83bd9bfda0bb5c9da8f5608fb729", [:mix], [{:circuits_gpio, "~> 0.4", [hex: :circuits_gpio, repo: "hexpm", optional: false]}, {:scenic, "~> 0.9", [hex: :scenic, repo: "hexpm", optional: false]}], "hexpm"},
  "scenic_driver_nerves_rpi": {:hex, :scenic_driver_nerves_rpi, "0.9.3", "f43e7d1dfc2eeccb708e268041ff11f232d67b2993d34332b83f6dd4adb27e93", [:make, :mix], [{:elixir_make, "~> 0.4", [hex: :elixir_make, repo: "hexpm", optional: false]}, {:scenic, "~> 0.9", [hex: :scenic, repo: "hexpm", optional: false]}], "hexpm"},
  "scenic_driver_oled_bonnet": {:git, "https://github.com/nerves-training/scenic_driver_oled_bonnet.git", "63604e7b5be44f8ffad7a0dcf8cc319cf725972d", []},
  "scenic_font_press_start_2p": {:git, "https://github.com/nerves-training/scenic_font_press_start_2p.git", "5c5ec010b692128fbc69caaaccb6a58963ae7b00", []},
  "shoehorn": {:hex, :shoehorn, "0.4.0", "f3830e22e1c58b502e8c436623804c4eb6ed15f5d0bdbacdeb448cddf4795951", [:mix], [{:distillery, "~> 2.0", [hex: :distillery, repo: "hexpm", optional: false]}], "hexpm"},
  "socket": {:hex, :socket, "0.3.13", "98a2ab20ce17f95fb512c5cadddba32b57273e0d2dba2d2e5f976c5969d0c632", [:mix], [], "hexpm"},
  "ssd1306": {:git, "https://github.com/nerves-training/ssd1306.git", "edf514dbe739075e5d912d366de2266e72015523", []},
  "system_registry": {:hex, :system_registry, "0.8.2", "df791dc276652fcfb53be4dab823e05f8269b96ac57c26f86a67838dbc0eefe7", [:mix], [], "hexpm"},
  "toolshed": {:hex, :toolshed, "0.2.6", "55ac1853c988ae345365d54fd20c8835adb013ace64a3cecd96090c5cf2fb442", [:mix], [{:nerves_runtime, "~> 0.8", [hex: :nerves_runtime, repo: "hexpm", optional: true]}], "hexpm"},
  "uboot_env": {:hex, :uboot_env, "0.1.0", "176d277c8461d849614d8b82595060bf03ace6ca59d49c5b53707d90cb9e2f5a", [:mix], [], "hexpm"},
  "x509": {:hex, :x509, "0.5.2", "7cd2b30ae4f9a948b3066f26a253a4e678b95b006b34347bf71a80dd65cbd0d1", [:mix], [], "hexpm"},
}
